# This file is automatically @generated by Cargo.
# It is not intended for manual editing.
version = 3

[[package]]
name = "b2c2"
version = "1.0.3"
dependencies = [
 "b2c2-casl2",
 "b2c2-common",
 "b2c2-compiler-common",
 "b2c2-tokenizer",
]

[[package]]
name = "b2c2-casl2"
version = "0.1.0"
dependencies = [
 "b2c2-common",
]

[[package]]
name = "b2c2-common"
version = "0.1.0"

[[package]]
name = "b2c2-compiler-common"
version = "0.1.0"
dependencies = [
 "b2c2-casl2",
]

[[package]]
name = "b2c2-tokenizer"
version = "1.0.0"
dependencies = [
 "b2c2-common",
]
